%{
  "benchfella": {:hex, :benchfella, "0.3.5", "b2122c234117b3f91ed7b43b6e915e19e1ab216971154acd0a80ce0e9b8c05f5", [:mix], []},
  "bunt": {:hex, :bunt, "0.2.0", "951c6e801e8b1d2cbe58ebbd3e616a869061ddadcc4863d0a2182541acae9a38", [:mix], [], "hexpm", "7af5c7e09fe1d40f76c8e4f9dd2be7cebd83909f31fee7cd0e9eadc567da8353"},
  "certifi": {:hex, :certifi, "2.0.0", "a0c0e475107135f76b8c1d5bc7efb33cd3815cb3cf3dea7aefdd174dabead064", [:rebar3], [], "hexpm", "fdc6066ceeccb3aa14049ab6edf0b9af3b64ae1b0db2a92d5c52146f373bbb1c"},
  "combine": {:hex, :combine, "0.10.0", "eff8224eeb56498a2af13011d142c5e7997a80c8f5b97c499f84c841032e429f", [:mix], [], "hexpm", "1b1dbc1790073076580d0d1d64e42eae2366583e7aecd455d1215b0d16f2451b"},
  "credo": {:hex, :credo, "0.8.10", "261862bb7363247762e1063713bb85df2bbd84af8d8610d1272cd9c1943bba63", [:mix], [{:bunt, "~> 0.2.0", [hex: :bunt, repo: "hexpm", optional: false]}], "hexpm", "f3fe29f8de6be431c7736a933a3897fe9aa45533b1d1358b3691ac8ec4371e8f"},
  "csv": {:hex, :csv, "1.4.4", "992f2e1418849a326fd1d9287801fa2d86091db4f9611f60781da6d236f64cd4", [:mix], [{:parallel_stream, "~> 1.0.4", [hex: :parallel_stream, optional: false]}]},
  "earmark": {:hex, :earmark, "1.2.4", "99b637c62a4d65a20a9fb674b8cffb8baa771c04605a80c911c4418c69b75439", [:mix], [], "hexpm", "1b34655872366414f69dd987cb121c049f76984b6ac69f52fff6d8fd64d29cfd"},
  "ex_doc": {:hex, :ex_doc, "0.18.1", "37c69d2ef62f24928c1f4fdc7c724ea04aecfdf500c4329185f8e3649c915baf", [:mix], [{:earmark, "~> 1.1", [hex: :earmark, repo: "hexpm", optional: false]}], "hexpm", "f050061c87ad39478c942995b5a20c40f2c0bc06525404613b8b0474cb8bd796"},
  "exprintf": {:hex, :exprintf, "0.2.1", "b7e895dfb00520cfb7fc1671303b63b37dc3897c59be7cbf1ae62f766a8a0314", [:mix], []},
  "exprof": {:hex, :exprof, "0.2.2", "19fead375683f959b45b11dd30d2c48143347970aeabd05b2dde05c50d1f63dc", [:mix], [{:exprintf, "~> 0.2", [hex: :exprintf, optional: false]}]},
  "flow": {:hex, :flow, "0.13.0", "7188ef047c6831ffb2f25ec0cef9bef02e7ae520632a64debdb65ae96bdc223e", [:mix], [{:gen_stage, "~> 0.13.0", [hex: :gen_stage, repo: "hexpm", optional: false]}], "hexpm", "e99178487e164ecb4849f4319164de596b09277b4699a9c2ddb8c573862ffed7"},
  "gen_stage": {:hex, :gen_stage, "0.13.0", "09c85d9939d4dce88e8819fd235ce411990abaf1bc24bd5a824e851439aedc15", [:mix], [], "hexpm", "ddbf6756b96b7c23b4707eda57d20f7d2de22bcdd531821be1d79be93b7021f4"},
  "gettext": {:hex, :gettext, "0.14.0", "1a019a2e51d5ad3d126efe166dcdf6563768e5d06c32a99ad2281a1fa94b4c72", [:mix], [], "hexpm", "2b230b81062178856bcb09c41343df596bdfe3efcafe94e364b72e2df97ad7b1"},
  "hackney": {:hex, :hackney, "1.11.0", "4951ee019df102492dabba66a09e305f61919a8a183a7860236c0fde586134b6", [:rebar3], [{:certifi, "2.0.0", [hex: :certifi, repo: "hexpm", optional: false]}, {:idna, "5.1.0", [hex: :idna, repo: "hexpm", optional: false]}, {:metrics, "1.0.1", [hex: :metrics, repo: "hexpm", optional: false]}, {:mimerl, "1.0.2", [hex: :mimerl, repo: "hexpm", optional: false]}, {:ssl_verify_fun, "1.1.1", [hex: :ssl_verify_fun, repo: "hexpm", optional: false]}], "hexpm", "bb3cc62ecc10145f8f0965c05083a5278eae7ef1853d340cc9a7a3e27609b9bd"},
  "idna": {:hex, :idna, "5.1.0", "d72b4effeb324ad5da3cab1767cb16b17939004e789d8c0ad5b70f3cea20c89a", [:rebar3], [{:unicode_util_compat, "0.3.1", [hex: :unicode_util_compat, repo: "hexpm", optional: false]}], "hexpm", "fc1a2f7340c422650504b1662f28fdf381f34cbd30664e8491744e52c9511d40"},
  "metrics": {:hex, :metrics, "1.0.1", "25f094dea2cda98213cecc3aeff09e940299d950904393b2a29d191c346a8486", [:rebar3], [], "hexpm", "69b09adddc4f74a40716ae54d140f93beb0fb8978d8636eaded0c31b6f099f16"},
  "mimerl": {:hex, :mimerl, "1.0.2", "993f9b0e084083405ed8252b99460c4f0563e41729ab42d9074fd5e52439be88", [:rebar3], [], "hexpm", "7a4c8e1115a2732a67d7624e28cf6c9f30c66711a9e92928e745c255887ba465"},
  "parallel_stream": {:hex, :parallel_stream, "1.0.6", "b967be2b23f0f6787fab7ed681b4c45a215a81481fb62b01a5b750fa8f30f76c", [:mix], []},
  "ssl_verify_fun": {:hex, :ssl_verify_fun, "1.1.1", "28a4d65b7f59893bc2c7de786dec1e1555bd742d336043fe644ae956c3497fbe", [:make, :rebar], [], "hexpm", "4f8805eb5c8a939cf2359367cb651a3180b27dfb48444846be2613d79355d65e"},
  "timex": {:hex, :timex, "3.1.24", "d198ae9783ac807721cca0c5535384ebdf99da4976be8cefb9665a9262a1e9e3", [:mix], [{:combine, "~> 0.7", [hex: :combine, repo: "hexpm", optional: false]}, {:gettext, "~> 0.10", [hex: :gettext, repo: "hexpm", optional: false]}, {:tzdata, "~> 0.1.8 or ~> 0.5", [hex: :tzdata, repo: "hexpm", optional: false]}], "hexpm", "ca852258d788542c263b12dbf55375fe2ccf5674e7b20995e3d84d2d4412bc0f"},
  "tzdata": {:hex, :tzdata, "0.5.16", "13424d3afc76c68ff607f2df966c0ab4f3258859bbe3c979c9ed1606135e7352", [:mix], [{:hackney, "~> 1.0", [hex: :hackney, repo: "hexpm", optional: false]}], "hexpm", "fe63d21f1cf5d85303617a0585f8176bcb1b68cec46f0623b8a9dedff778579b"},
  "unicode_util_compat": {:hex, :unicode_util_compat, "0.3.1", "a1f612a7b512638634a603c8f401892afbf99b8ce93a45041f8aaca99cadb85e", [:rebar3], [], "hexpm", "da1d9bef8a092cc7e1e51f1298037a5ddfb0f657fe862dfe7ba4c5807b551c29"},
}
